# This file is autogenerated, do not edit; changes may be undone by the next 'dep ensure'.


[[projects]]
  name = "github.com/aws/aws-sdk-go"
  packages = ["aws","aws/awserr","aws/awsutil","aws/client","aws/client/metadata","aws/corehandlers","aws/credentials","aws/credentials/ec2rolecreds","aws/credentials/endpointcreds","aws/credentials/stscreds","aws/defaults","aws/ec2metadata","aws/endpoints","aws/request","aws/session","aws/signer/v4","internal/shareddefaults","private/protocol","private/protocol/json/jsonutil","private/protocol/jsonrpc","private/protocol/query","private/protocol/query/queryutil","private/protocol/rest","private/protocol/xml/xmlutil","service/ecr","service/ecr/ecriface","service/sts"]
  revision = "e63027ac6e05f6d4ae9f97ce0294d7468ca652da"
  version = "v1.10.33"

[[projects]]
  branch = "master"
  name = "github.com/awslabs/amazon-ecr-credential-helper"
  packages = ["ecr-login","ecr-login/api","ecr-login/cache","ecr-login/config"]
  revision = "e63ef99f0995dda1bbbf10b2fdb4f55d458d6d52"

[[projects]]
  name = "github.com/cihub/seelog"
  packages = ["."]
  revision = "d2c6e5aa9fbfdd1c624e140287063c7730654115"
  version = "v2.6"

[[projects]]
  name = "github.com/docker/docker-credential-helpers"
  packages = ["credentials"]
  revision = "2d19ebb7f482fb33cc63c9965ccda98b89821637"
  version = "v0.5.2"

[[projects]]
  name = "github.com/go-ini/ini"
  packages = ["."]
  revision = "20b96f641a5ea98f2f8619ff4f3e061cff4833bd"
  version = "v1.28.2"

[[projects]]
  name = "github.com/jmespath/go-jmespath"
  packages = ["."]
  revision = "3433f3ea46d9f8019119e7dd41274e112a2359a9"
  version = "0.2.2"

[[projects]]
  branch = "master"
  name = "github.com/mitchellh/go-homedir"
  packages = ["."]
  revision = "b8bc1bf767474819792c23f32d8286a45736f1c6"

[solve-meta]
  analyzer-name = "dep"
  analyzer-version = 1
  inputs-digest = "8fe3cf5929dea6d23831e400bf05fb6cba5dde14d91c4bb2ff880df803337277"
  solver-name = "gps-cdcl"
  solver-version = 1
